
Microsoft Visual Studio Solution File, Format Version 12.00
# Visual Studio Version 16
VisualStudioVersion = 16.0.30002.166
MinimumVisualStudioVersion = 10.0.40219.1
Project("{FAE04EC0-301F-11D3-BF4B-00C04F79EFBC}") = "RobotsVsDinosaurs", "RobotsVsDinosaurs\RobotsVsDinosaurs.csproj", "{EEFB083F-2AC2-4E5F-962A-FB59812FA900}"
EndProject
Global
	GlobalSection(SolutionConfigurationPlatforms) = preSolution
		Debug|Any CPU = Debug|Any CPU
		Release|Any CPU = Release|Any CPU
	EndGlobalSection
	GlobalSection(ProjectConfigurationPlatforms) = postSolution
		{EEFB083F-2AC2-4E5F-962A-FB59812FA900}.Debug|Any CPU.ActiveCfg = Debug|Any CPU
		{EEFB083F-2AC2-4E5F-962A-FB59812FA900}.Debug|Any CPU.Build.0 = Debug|Any CPU
		{EEFB083F-2AC2-4E5F-962A-FB59812FA900}.Release|Any CPU.ActiveCfg = Release|Any CPU
		{EEFB083F-2AC2-4E5F-962A-FB59812FA900}.Release|Any CPU.Build.0 = Release|Any CPU
	EndGlobalSection
	GlobalSection(SolutionProperties) = preSolution
		HideSolutionNode = FALSE
	EndGlobalSection
	GlobalSection(ExtensibilityGlobals) = postSolution
		SolutionGuid = {FDB1D3B2-695F-4F94-B120-0499FCFDEE80}
	EndGlobalSection
EndGlobal
